// !$*UTF8*$!
{
	archiveVersion = 1;
	classes = {
	};
	objectVersion = 56;
	objects = {

/* Begin PBXBuildFile section */
		B247EF572BCC9A1200F615B9 /* OnboardingApp.swift in Sources */ = {isa = PBXBuildFile; fileRef = B247EF562BCC9A1200F615B9 /* OnboardingApp.swift */; };
		B247EF592BCC9A1200F615B9 /* ContentView.swift in Sources */ = {isa = PBXBuildFile; fileRef = B247EF582BCC9A1200F615B9 /* ContentView.swift */; };
		B247EF5B2BCC9A1400F615B9 /* Assets.xcassets in Resources */ = {isa = PBXBuildFile; fileRef = B247EF5A2BCC9A1400F615B9 /* Assets.xcassets */; };
		B247EF5E2BCC9A1400F615B9 /* Preview Assets.xcassets in Resources */ = {isa = PBXBuildFile; fileRef = B247EF5D2BCC9A1400F615B9 /* Preview Assets.xcassets */; };
		B247EF672BCC9AD800F615B9 /* success.m4a in Resources */ = {isa = PBXBuildFile; fileRef = B247EF652BCC9AD800F615B9 /* success.m4a */; };
		B247EF682BCC9AD800F615B9 /* chimeup.mp3 in Resources */ = {isa = PBXBuildFile; fileRef = B247EF662BCC9AD800F615B9 /* chimeup.mp3 */; };
		B247EF6E2BCC9F3B00F615B9 /* HomeView.swift in Sources */ = {isa = PBXBuildFile; fileRef = B247EF6D2BCC9F3B00F615B9 /* HomeView.swift */; };
		B247EF702BCC9F5400F615B9 /* OnboardingView.swift in Sources */ = {isa = PBXBuildFile; fileRef = B247EF6F2BCC9F5400F615B9 /* OnboardingView.swift */; };
		B247EF722BCDEFAA00F615B9 /* CirculeGroupView.swift in Sources */ = {isa = PBXBuildFile; fileRef = B247EF712BCDEFAA00F615B9 /* CirculeGroupView.swift */; };
		B247EF742BCF9FCF00F615B9 /* AudioPlayer.swift in Sources */ = {isa = PBXBuildFile; fileRef = B247EF732BCF9FCF00F615B9 /* AudioPlayer.swift */; };
/* End PBXBuildFile section */

/* Begin PBXFileReference section */
		B247EF532BCC9A1200F615B9 /* Onboarding.app */ = {isa = PBXFileReference; explicitFileType = wrapper.application; includeInIndex = 0; path = Onboarding.app; sourceTree = BUILT_PRODUCTS_DIR; };
		B247EF562BCC9A1200F615B9 /* OnboardingApp.swift */ = {isa = PBXFileReference; lastKnownFileType = sourcecode.swift; path = OnboardingApp.swift; sourceTree = "<group>"; };
		B247EF582BCC9A1200F615B9 /* ContentView.swift */ = {isa = PBXFileReference; lastKnownFileType = sourcecode.swift; path = ContentView.swift; sourceTree = "<group>"; };
		B247EF5A2BCC9A1400F615B9 /* Assets.xcassets */ = {isa = PBXFileReference; lastKnownFileType = folder.assetcatalog; path = Assets.xcassets; sourceTree = "<group>"; };
		B247EF5D2BCC9A1400F615B9 /* Preview Assets.xcassets */ = {isa = PBXFileReference; lastKnownFileType = folder.assetcatalog; path = "Preview Assets.xcassets"; sourceTree = "<group>"; };
		B247EF652BCC9AD800F615B9 /* success.m4a */ = {isa = PBXFileReference; lastKnownFileType = file; path = success.m4a; sourceTree = "<group>"; };
		B247EF662BCC9AD800F615B9 /* chimeup.mp3 */ = {isa = PBXFileReference; lastKnownFileType = audio.mp3; path = chimeup.mp3; sourceTree = "<group>"; };
		B247EF6C2BCC9F0000F615B9 /* Info.plist */ = {isa = PBXFileReference; lastKnownFileType = text.plist; path = Info.plist; sourceTree = "<group>"; };
		B247EF6D2BCC9F3B00F615B9 /* HomeView.swift */ = {isa = PBXFileReference; lastKnownFileType = sourcecode.swift; path = HomeView.swift; sourceTree = "<group>"; };
		B247EF6F2BCC9F5400F615B9 /* OnboardingView.swift */ = {isa = PBXFileReference; lastKnownFileType = sourcecode.swift; path = OnboardingView.swift; sourceTree = "<group>"; };
		B247EF712BCDEFAA00F615B9 /* CirculeGroupView.swift */ = {isa = PBXFileReference; lastKnownFileType = sourcecode.swift; path = CirculeGroupView.swift; sourceTree = "<group>"; };
		B247EF732BCF9FCF00F615B9 /* AudioPlayer.swift */ = {isa = PBXFileReference; lastKnownFileType = sourcecode.swift; path = AudioPlayer.swift; sourceTree = "<group>"; };
/* End PBXFileReference section */

/* Begin PBXFrameworksBuildPhase section */
		B247EF502BCC9A1200F615B9 /* Frameworks */ = {
			isa = PBXFrameworksBuildPhase;
			buildActionMask = 2147483647;
			files = (
			);
			runOnlyForDeploymentPostprocessing = 0;
		};
/* End PBXFrameworksBuildPhase section */

/* Begin PBXGroup section */
		B247EF4A2BCC9A1200F615B9 = {
			isa = PBXGroup;
			children = (
				B247EF552BCC9A1200F615B9 /* Onboarding */,
				B247EF542BCC9A1200F615B9 /* Products */,
			);
			sourceTree = "<group>";
		};
		B247EF542BCC9A1200F615B9 /* Products */ = {
			isa = PBXGroup;
			children = (
				B247EF532BCC9A1200F615B9 /* Onboarding.app */,
			);
			name = Products;
			sourceTree = "<group>";
		};
		B247EF552BCC9A1200F615B9 /* Onboarding */ = {
			isa = PBXGroup;
			children = (
				B247EF6C2BCC9F0000F615B9 /* Info.plist */,
				B247EF562BCC9A1200F615B9 /* OnboardingApp.swift */,
				B247EF6B2BCC9D9700F615B9 /* Utilities */,
				B247EF6A2BCC9D6700F615B9 /* Views */,
				B247EF692BCC9D5000F615B9 /* Screens */,
				B247EF5A2BCC9A1400F615B9 /* Assets.xcassets */,
				B247EF642BCC9AD000F615B9 /* Sound */,
				B247EF5C2BCC9A1400F615B9 /* Preview Content */,
			);
			path = Onboarding;
			sourceTree = "<group>";
		};
		B247EF5C2BCC9A1400F615B9 /* Preview Content */ = {
			isa = PBXGroup;
			children = (
				B247EF5D2BCC9A1400F615B9 /* Preview Assets.xcassets */,
			);
			path = "Preview Content";
			sourceTree = "<group>";
		};
		B247EF642BCC9AD000F615B9 /* Sound */ = {
			isa = PBXGroup;
			children = (
				B247EF662BCC9AD800F615B9 /* chimeup.mp3 */,
				B247EF652BCC9AD800F615B9 /* success.m4a */,
			);
			path = Sound;
			sourceTree = "<group>";
		};
		B247EF692BCC9D5000F615B9 /* Screens */ = {
			isa = PBXGroup;
			children = (
				B247EF582BCC9A1200F615B9 /* ContentView.swift */,
				B247EF6D2BCC9F3B00F615B9 /* HomeView.swift */,
				B247EF712BCDEFAA00F615B9 /* CirculeGroupView.swift */,
				B247EF6F2BCC9F5400F615B9 /* OnboardingView.swift */,
			);
			path = Screens;
			sourceTree = "<group>";
		};
		B247EF6A2BCC9D6700F615B9 /* Views */ = {
			isa = PBXGroup;
			children = (
			);
			path = Views;
			sourceTree = "<group>";
		};
		B247EF6B2BCC9D9700F615B9 /* Utilities */ = {
			isa = PBXGroup;
			children = (
				B247EF732BCF9FCF00F615B9 /* AudioPlayer.swift */,
			);
			path = Utilities;
			sourceTree = "<group>";
		};
/* End PBXGroup section */

/* Begin PBXNativeTarget section */
		B247EF522BCC9A1200F615B9 /* Onboarding */ = {
			isa = PBXNativeTarget;
			buildConfigurationList = B247EF612BCC9A1400F615B9 /* Build configuration list for PBXNativeTarget "Onboarding" */;
			buildPhases = (
				B247EF4F2BCC9A1200F615B9 /* Sources */,
				B247EF502BCC9A1200F615B9 /* Frameworks */,
				B247EF512BCC9A1200F615B9 /* Resources */,
			);
			buildRules = (
			);
			dependencies = (
			);
			name = Onboarding;
			productName = Onboarding;
			productReference = B247EF532BCC9A1200F615B9 /* Onboarding.app */;
			productType = "com.apple.product-type.application";
		};
/* End PBXNativeTarget section */

/* Begin PBXProject section */
		B247EF4B2BCC9A1200F615B9 /* Project object */ = {
			isa = PBXProject;
			attributes = {
				BuildIndependentTargetsInParallel = 1;
				LastSwiftUpdateCheck = 1530;
				LastUpgradeCheck = 1530;
				TargetAttributes = {
					B247EF522BCC9A1200F615B9 = {
						CreatedOnToolsVersion = 15.3;
					};
				};
			};
			buildConfigurationList = B247EF4E2BCC9A1200F615B9 /* Build configuration list for PBXProject "Onboarding" */;
			compatibilityVersion = "Xcode 14.0";
			developmentRegion = en;
			hasScannedForEncodings = 0;
			knownRegions = (
				en,
				Base,
			);
			mainGroup = B247EF4A2BCC9A1200F615B9;
			productRefGroup = B247EF542BCC9A1200F615B9 /* Products */;
			projectDirPath = "";
			projectRoot = "";
			targets = (
				B247EF522BCC9A1200F615B9 /* Onboarding */,
			);
		};
/* End PBXProject section */

/* Begin PBXResourcesBuildPhase section */
		B247EF512BCC9A1200F615B9 /* Resources */ = {
			isa = PBXResourcesBuildPhase;
			buildActionMask = 2147483647;
			files = (
				B247EF682BCC9AD800F615B9 /* chimeup.mp3 in Resources */,
				B247EF5E2BCC9A1400F615B9 /* Preview Assets.xcassets in Resources */,
				B247EF672BCC9AD800F615B9 /* success.m4a in Resources */,
				B247EF5B2BCC9A1400F615B9 /* Assets.xcassets in Resources */,
			);
			runOnlyForDeploymentPostprocessing = 0;
		};
/* End PBXResourcesBuildPhase section */

/* Begin PBXSourcesBuildPhase section */
		B247EF4F2BCC9A1200F615B9 /* Sources */ = {
			isa = PBXSourcesBuildPhase;
			buildActionMask = 2147483647;
			files = (
				B247EF6E2BCC9F3B00F615B9 /* HomeView.swift in Sources */,
				B247EF702BCC9F5400F615B9 /* OnboardingView.swift in Sources */,
				B247EF722BCDEFAA00F615B9 /* CirculeGroupView.swift in Sources */,
				B247EF592BCC9A1200F615B9 /* ContentView.swift in Sources */,
				B247EF572BCC9A1200F615B9 /* OnboardingApp.swift in Sources */,
				B247EF742BCF9FCF00F615B9 /* AudioPlayer.swift in Sources */,
			);
			runOnlyForDeploymentPostprocessing = 0;
		};
/* End PBXSourcesBuildPhase section */

/* Begin XCBuildConfiguration section */
		B247EF5F2BCC9A1400F615B9 /* Debug */ = {
			isa = XCBuildConfiguration;
			buildSettings = {
				ALWAYS_SEARCH_USER_PATHS = NO;
				ASSETCATALOG_COMPILER_GENERATE_SWIFT_ASSET_SYMBOL_EXTENSIONS = YES;
				CLANG_ANALYZER_NONNULL = YES;
				CLANG_ANALYZER_NUMBER_OBJECT_CONVERSION = YES_AGGRESSIVE;
				CLANG_CXX_LANGUAGE_STANDARD = "gnu++20";
				CLANG_ENABLE_MODULES = YES;
				CLANG_ENABLE_OBJC_ARC = YES;
				CLANG_ENABLE_OBJC_WEAK = YES;
				CLANG_WARN_BLOCK_CAPTURE_AUTORELEASING = YES;
				CLANG_WARN_BOOL_CONVERSION = YES;
				CLANG_WARN_COMMA = YES;
				CLANG_WARN_CONSTANT_CONVERSION = YES;
				CLANG_WARN_DEPRECATED_OBJC_IMPLEMENTATIONS = YES;
				CLANG_WARN_DIRECT_OBJC_ISA_USAGE = YES_ERROR;
				CLANG_WARN_DOCUMENTATION_COMMENTS = YES;
				CLANG_WARN_EMPTY_BODY = YES;
				CLANG_WARN_ENUM_CONVERSION = YES;
				CLANG_WARN_INFINITE_RECURSION = YES;
				CLANG_WARN_INT_CONVERSION = YES;
				CLANG_WARN_NON_LITERAL_NULL_CONVERSION = YES;
				CLANG_WARN_OBJC_IMPLICIT_RETAIN_SELF = YES;
				CLANG_WARN_OBJC_LITERAL_CONVERSION = YES;
				CLANG_WARN_OBJC_ROOT_CLASS = YES_ERROR;
				CLANG_WARN_QUOTED_INCLUDE_IN_FRAMEWORK_HEADER = YES;
				CLANG_WARN_RANGE_LOOP_ANALYSIS = YES;
				CLANG_WARN_STRICT_PROTOTYPES = YES;
				CLANG_WARN_SUSPICIOUS_MOVE = YES;
				CLANG_WARN_UNGUARDED_AVAILABILITY = YES_AGGRESSIVE;
				CLANG_WARN_UNREACHABLE_CODE = YES;
				CLANG_WARN__DUPLICATE_METHOD_MATCH = YES;
				COPY_PHASE_STRIP = NO;
				DEBUG_INFORMATION_FORMAT = dwarf;
				ENABLE_STRICT_OBJC_MSGSEND = YES;
				ENABLE_TESTABILITY = YES;
				ENABLE_USER_SCRIPT_SANDBOXING = YES;
				GCC_C_LANGUAGE_STANDARD = gnu17;
				GCC_DYNAMIC_NO_PIC = NO;
				GCC_NO_COMMON_BLOCKS = YES;
				GCC_OPTIMIZATION_LEVEL = 0;
				GCC_PREPROCESSOR_DEFINITIONS = (
					"DEBUG=1",
					"$(inherited)",
				);
				GCC_WARN_64_TO_32_BIT_CONVERSION = YES;
				GCC_WARN_ABOUT_RETURN_TYPE = YES_ERROR;
				GCC_WARN_UNDECLARED_SELECTOR = YES;
				GCC_WARN_UNINITIALIZED_AUTOS = YES_AGGRESSIVE;
				GCC_WARN_UNUSED_FUNCTION = YES;
				GCC_WARN_UNUSED_VARIABLE = YES;
				IPHONEOS_DEPLOYMENT_TARGET = 17.4;
				LOCALIZATION_PREFERS_STRING_CATALOGS = YES;
				MTL_ENABLE_DEBUG_INFO = INCLUDE_SOURCE;
				MTL_FAST_MATH = YES;
				ONLY_ACTIVE_ARCH = YES;
				SDKROOT = iphoneos;
				SWIFT_ACTIVE_COMPILATION_CONDITIONS = "DEBUG $(inherited)";
				SWIFT_OPTIMIZATION_LEVEL = "-Onone";
			};
			name = Debug;
		};
		B247EF602BCC9A1400F615B9 /* Release */ = {
			isa = XCBuildConfiguration;
			buildSettings = {
				ALWAYS_SEARCH_USER_PATHS = NO;
				ASSETCATALOG_COMPILER_GENERATE_SWIFT_ASSET_SYMBOL_EXTENSIONS = YES;
				CLANG_ANALYZER_NONNULL = YES;
				CLANG_ANALYZER_NUMBER_OBJECT_CONVERSION = YES_AGGRESSIVE;
				CLANG_CXX_LANGUAGE_STANDARD = "gnu++20";
				CLANG_ENABLE_MODULES = YES;
				CLANG_ENABLE_OBJC_ARC = YES;
				CLANG_ENABLE_OBJC_WEAK = YES;
				CLANG_WARN_BLOCK_CAPTURE_AUTORELEASING = YES;
				CLANG_WARN_BOOL_CONVERSION = YES;
				CLANG_WARN_COMMA = YES;
				CLANG_WARN_CONSTANT_CONVERSION = YES;
				CLANG_WARN_DEPRECATED_OBJC_IMPLEMENTATIONS = YES;
				CLANG_WARN_DIRECT_OBJC_ISA_USAGE = YES_ERROR;
				CLANG_WARN_DOCUMENTATION_COMMENTS = YES;
				CLANG_WARN_EMPTY_BODY = YES;
				CLANG_WARN_ENUM_CONVERSION = YES;
				CLANG_WARN_INFINITE_RECURSION = YES;
				CLANG_WARN_INT_CONVERSION = YES;
				CLANG_WARN_NON_LITERAL_NULL_CONVERSION = YES;
				CLANG_WARN_OBJC_IMPLICIT_RETAIN_SELF = YES;
				CLANG_WARN_OBJC_LITERAL_CONVERSION = YES;
				CLANG_WARN_OBJC_ROOT_CLASS = YES_ERROR;
				CLANG_WARN_QUOTED_INCLUDE_IN_FRAMEWORK_HEADER = YES;
				CLANG_WARN_RANGE_LOOP_ANALYSIS = YES;
				CLANG_WARN_STRICT_PROTOTYPES = YES;
				CLANG_WARN_SUSPICIOUS_MOVE = YES;
				CLANG_WARN_UNGUARDED_AVAILABILITY = YES_AGGRESSIVE;
				CLANG_WARN_UNREACHABLE_CODE = YES;
				CLANG_WARN__DUPLICATE_METHOD_MATCH = YES;
				COPY_PHASE_STRIP = NO;
				DEBUG_INFORMATION_FORMAT = "dwarf-with-dsym";
				ENABLE_NS_ASSERTIONS = NO;
				ENABLE_STRICT_OBJC_MSGSEND = YES;
				ENABLE_USER_SCRIPT_SANDBOXING = YES;
				GCC_C_LANGUAGE_STANDARD = gnu17;
				GCC_NO_COMMON_BLOCKS = YES;
				GCC_WARN_64_TO_32_BIT_CONVERSION = YES;
				GCC_WARN_ABOUT_RETURN_TYPE = YES_ERROR;
				GCC_WARN_UNDECLARED_SELECTOR = YES;
				GCC_WARN_UNINITIALIZED_AUTOS = YES_AGGRESSIVE;
				GCC_WARN_UNUSED_FUNCTION = YES;
				GCC_WARN_UNUSED_VARIABLE = YES;
				IPHONEOS_DEPLOYMENT_TARGET = 17.4;
				LOCALIZATION_PREFERS_STRING_CATALOGS = YES;
				MTL_ENABLE_DEBUG_INFO = NO;
				MTL_FAST_MATH = YES;
				SDKROOT = iphoneos;
				SWIFT_COMPILATION_MODE = wholemodule;
				VALIDATE_PRODUCT = YES;
			};
			name = Release;
		};
		B247EF622BCC9A1400F615B9 /* Debug */ = {
			isa = XCBuildConfiguration;
			buildSettings = {
				ASSETCATALOG_COMPILER_APPICON_NAME = AppIcon;
				ASSETCATALOG_COMPILER_GLOBAL_ACCENT_COLOR_NAME = AccentColor;
				CODE_SIGN_STYLE = Automatic;
				CURRENT_PROJECT_VERSION = 1;
				DEVELOPMENT_ASSET_PATHS = "\"Onboarding/Preview Content\"";
				ENABLE_PREVIEWS = YES;
				GENERATE_INFOPLIST_FILE = YES;
				INFOPLIST_FILE = Onboarding/Info.plist;
				INFOPLIST_KEY_UIApplicationSceneManifest_Generation = YES;
				INFOPLIST_KEY_UIApplicationSupportsIndirectInputEvents = YES;
				INFOPLIST_KEY_UISupportedInterfaceOrientations = UIInterfaceOrientationPortrait;
				LD_RUNPATH_SEARCH_PATHS = (
					"$(inherited)",
					"@executable_path/Frameworks",
				);
				MARKETING_VERSION = 1.0;
				PRODUCT_BUNDLE_IDENTIFIER = EveryDayLearnNewThing.Onboarding;
				PRODUCT_NAME = "$(TARGET_NAME)";
				SWIFT_EMIT_LOC_STRINGS = YES;
				SWIFT_VERSION = 5.0;
				TARGETED_DEVICE_FAMILY = "1,2";
			};
			name = Debug;
		};
		B247EF632BCC9A1400F615B9 /* Release */ = {
			isa = XCBuildConfiguration;
			buildSettings = {
				ASSETCATALOG_COMPILER_APPICON_NAME = AppIcon;
				ASSETCATALOG_COMPILER_GLOBAL_ACCENT_COLOR_NAME = AccentColor;
				CODE_SIGN_STYLE = Automatic;
				CURRENT_PROJECT_VERSION = 1;
				DEVELOPMENT_ASSET_PATHS = "\"Onboarding/Preview Content\"";
				ENABLE_PREVIEWS = YES;
				GENERATE_INFOPLIST_FILE = YES;
				INFOPLIST_FILE = Onboarding/Info.plist;
				INFOPLIST_KEY_UIApplicationSceneManifest_Generation = YES;
				INFOPLIST_KEY_UIApplicationSupportsIndirectInputEvents = YES;
				INFOPLIST_KEY_UISupportedInterfaceOrientations = UIInterfaceOrientationPortrait;
				LD_RUNPATH_SEARCH_PATHS = (
					"$(inherited)",
					"@executable_path/Frameworks",
				);
				MARKETING_VERSION = 1.0;
				PRODUCT_BUNDLE_IDENTIFIER = EveryDayLearnNewThing.Onboarding;
				PRODUCT_NAME = "$(TARGET_NAME)";
				SWIFT_EMIT_LOC_STRINGS = YES;
				SWIFT_VERSION = 5.0;
				TARGETED_DEVICE_FAMILY = "1,2";
			};
			name = Release;
		};
/* End XCBuildConfiguration section */

/* Begin XCConfigurationList section */
		B247EF4E2BCC9A1200F615B9 /* Build configuration list for PBXProject "Onboarding" */ = {
			isa = XCConfigurationList;
			buildConfigurations = (
				B247EF5F2BCC9A1400F615B9 /* Debug */,
				B247EF602BCC9A1400F615B9 /* Release */,
			);
			defaultConfigurationIsVisible = 0;
			defaultConfigurationName = Release;
		};
		B247EF612BCC9A1400F615B9 /* Build configuration list for PBXNativeTarget "Onboarding" */ = {
			isa = XCConfigurationList;
			buildConfigurations = (
				B247EF622BCC9A1400F615B9 /* Debug */,
				B247EF632BCC9A1400F615B9 /* Release */,
			);
			defaultConfigurationIsVisible = 0;
			defaultConfigurationName = Release;
		};
/* End XCConfigurationList section */
	};
	rootObject = B247EF4B2BCC9A1200F615B9 /* Project object */;
}
